{
  "name": "tets",
  "version": "1.0.0",
  "lockfileVersion": 1,
  "requires": true,
  "dependencies": {
    "npm-test-published-package": {
      "version": "1.0.1",
      "resolved": "https://registry.npmjs.org/npm-test-published-package/-/npm-test-published-package-1.0.1.tgz",
      "integrity": "sha512-opYNrYK3AK7oWCWKFYi22dbhX+IankDP17Qaxe9Y3WiD9yXKWUPe5Ixavt2W/SFF8YQZR4J0QmrzWaiHksvXIg=="
    }
  }
}
